
Microsoft Visual Studio Solution File, Format Version 12.00
# Visual Studio Version 17
VisualStudioVersion = 17.6.33723.286
MinimumVisualStudioVersion = 10.0.40219.1
Project("{FAE04EC0-301F-11D3-BF4B-00C04F79EFBC}") = "Demo-Test", "Demo-Test.csproj", "{F3B26EF4-5091-479E-8D98-6BFA2826EB84}"
EndProject
Global
	GlobalSection(SolutionConfigurationPlatforms) = preSolution
		Debug|Any CPU = Debug|Any CPU
		Release|Any CPU = Release|Any CPU
	EndGlobalSection
	GlobalSection(ProjectConfigurationPlatforms) = postSolution
		{F3B26EF4-5091-479E-8D98-6BFA2826EB84}.Debug|Any CPU.ActiveCfg = Debug|Any CPU
		{F3B26EF4-5091-479E-8D98-6BFA2826EB84}.Debug|Any CPU.Build.0 = Debug|Any CPU
		{F3B26EF4-5091-479E-8D98-6BFA2826EB84}.Release|Any CPU.ActiveCfg = Release|Any CPU
		{F3B26EF4-5091-479E-8D98-6BFA2826EB84}.Release|Any CPU.Build.0 = Release|Any CPU
	EndGlobalSection
	GlobalSection(SolutionProperties) = preSolution
		HideSolutionNode = FALSE
	EndGlobalSection
	GlobalSection(ExtensibilityGlobals) = postSolution
		SolutionGuid = {E8B28D01-8235-47FE-942D-CD86996579BB}
	EndGlobalSection
EndGlobal
